
Microsoft Visual Studio Solution File, Format Version 12.00
# Visual Studio Version 17
VisualStudioVersion = 17.9.34728.123
MinimumVisualStudioVersion = 10.0.40219.1
Project("{FAE04EC0-301F-11D3-BF4B-00C04F79EFBC}") = "AutoServicePlus", "AutoServicePlus\AutoServicePlus.csproj", "{FE7E27D9-A653-41F4-98F1-1A516E8DBAB1}"
EndProject
Global
	GlobalSection(SolutionConfigurationPlatforms) = preSolution
		Debug|Any CPU = Debug|Any CPU
		Release|Any CPU = Release|Any CPU
	EndGlobalSection
	GlobalSection(ProjectConfigurationPlatforms) = postSolution
		{FE7E27D9-A653-41F4-98F1-1A516E8DBAB1}.Debug|Any CPU.ActiveCfg = Debug|Any CPU
		{FE7E27D9-A653-41F4-98F1-1A516E8DBAB1}.Debug|Any CPU.Build.0 = Debug|Any CPU
		{FE7E27D9-A653-41F4-98F1-1A516E8DBAB1}.Release|Any CPU.ActiveCfg = Release|Any CPU
		{FE7E27D9-A653-41F4-98F1-1A516E8DBAB1}.Release|Any CPU.Build.0 = Release|Any CPU
	EndGlobalSection
	GlobalSection(SolutionProperties) = preSolution
		HideSolutionNode = FALSE
	EndGlobalSection
	GlobalSection(ExtensibilityGlobals) = postSolution
		SolutionGuid = {C6B062F8-0490-453B-83E8-94EA90011008}
	EndGlobalSection
EndGlobal
